// !$*UTF8*$!
{
	archiveVersion = 1;
	classes = {
	};
	objectVersion = 50;
	objects = {

/* Begin PBXBuildFile section */
		CDC1F01B2254679E00524E1C /* AppDelegate.swift in Sources */ = {isa = PBXBuildFile; fileRef = CDC1F01A2254679E00524E1C /* AppDelegate.swift */; };
		CDC1F01D2254679E00524E1C /* ViewController.swift in Sources */ = {isa = PBXBuildFile; fileRef = CDC1F01C2254679E00524E1C /* ViewController.swift */; };
		CDC1F0202254679E00524E1C /* Main.storyboard in Resources */ = {isa = PBXBuildFile; fileRef = CDC1F01E2254679E00524E1C /* Main.storyboard */; };
		CDC1F022225467A000524E1C /* Assets.xcassets in Resources */ = {isa = PBXBuildFile; fileRef = CDC1F021225467A000524E1C /* Assets.xcassets */; };
		CDC1F025225467A000524E1C /* LaunchScreen.storyboard in Resources */ = {isa = PBXBuildFile; fileRef = CDC1F023225467A000524E1C /* LaunchScreen.storyboard */; };
		CDC1F030225467A000524E1C /* TocoTests.swift in Sources */ = {isa = PBXBuildFile; fileRef = CDC1F02F225467A000524E1C /* TocoTests.swift */; };
		CDC1F03B225467A000524E1C /* TocoUITests.swift in Sources */ = {isa = PBXBuildFile; fileRef = CDC1F03A225467A000524E1C /* TocoUITests.swift */; };
/* End PBXBuildFile section */

/* Begin PBXContainerItemProxy section */
		CDC1F02C225467A000524E1C /* PBXContainerItemProxy */ = {
			isa = PBXContainerItemProxy;
			containerPortal = CDC1F00F2254679E00524E1C /* Project object */;
			proxyType = 1;
			remoteGlobalIDString = CDC1F0162254679E00524E1C;
			remoteInfo = Toco;
		};
		CDC1F037225467A000524E1C /* PBXContainerItemProxy */ = {
			isa = PBXContainerItemProxy;
			containerPortal = CDC1F00F2254679E00524E1C /* Project object */;
			proxyType = 1;
			remoteGlobalIDString = CDC1F0162254679E00524E1C;
			remoteInfo = Toco;
		};
/* End PBXContainerItemProxy section */

/* Begin PBXFileReference section */
		CDC1F0172254679E00524E1C /* Toco.app */ = {isa = PBXFileReference; explicitFileType = wrapper.application; includeInIndex = 0; path = Toco.app; sourceTree = BUILT_PRODUCTS_DIR; };
		CDC1F01A2254679E00524E1C /* AppDelegate.swift */ = {isa = PBXFileReference; lastKnownFileType = sourcecode.swift; path = AppDelegate.swift; sourceTree = "<group>"; };
		CDC1F01C2254679E00524E1C /* ViewController.swift */ = {isa = PBXFileReference; lastKnownFileType = sourcecode.swift; path = ViewController.swift; sourceTree = "<group>"; };
		CDC1F01F2254679E00524E1C /* Base */ = {isa = PBXFileReference; lastKnownFileType = file.storyboard; name = Base; path = Base.lproj/Main.storyboard; sourceTree = "<group>"; };
		CDC1F021225467A000524E1C /* Assets.xcassets */ = {isa = PBXFileReference; lastKnownFileType = folder.assetcatalog; path = Assets.xcassets; sourceTree = "<group>"; };
		CDC1F024225467A000524E1C /* Base */ = {isa = PBXFileReference; lastKnownFileType = file.storyboard; name = Base; path = Base.lproj/LaunchScreen.storyboard; sourceTree = "<group>"; };
		CDC1F026225467A000524E1C /* Info.plist */ = {isa = PBXFileReference; lastKnownFileType = text.plist.xml; path = Info.plist; sourceTree = "<group>"; };
		CDC1F02B225467A000524E1C /* TocoTests.xctest */ = {isa = PBXFileReference; explicitFileType = wrapper.cfbundle; includeInIndex = 0; path = TocoTests.xctest; sourceTree = BUILT_PRODUCTS_DIR; };
		CDC1F02F225467A000524E1C /* TocoTests.swift */ = {isa = PBXFileReference; lastKnownFileType = sourcecode.swift; path = TocoTests.swift; sourceTree = "<group>"; };
		CDC1F031225467A000524E1C /* Info.plist */ = {isa = PBXFileReference; lastKnownFileType = text.plist.xml; path = Info.plist; sourceTree = "<group>"; };
		CDC1F036225467A000524E1C /* TocoUITests.xctest */ = {isa = PBXFileReference; explicitFileType = wrapper.cfbundle; includeInIndex = 0; path = TocoUITests.xctest; sourceTree = BUILT_PRODUCTS_DIR; };
		CDC1F03A225467A000524E1C /* TocoUITests.swift */ = {isa = PBXFileReference; lastKnownFileType = sourcecode.swift; path = TocoUITests.swift; sourceTree = "<group>"; };
		CDC1F03C225467A000524E1C /* Info.plist */ = {isa = PBXFileReference; lastKnownFileType = text.plist.xml; path = Info.plist; sourceTree = "<group>"; };
/* End PBXFileReference section */

/* Begin PBXFrameworksBuildPhase section */
		CDC1F0142254679E00524E1C /* Frameworks */ = {
			isa = PBXFrameworksBuildPhase;
			buildActionMask = 2147483647;
			files = (
			);
			runOnlyForDeploymentPostprocessing = 0;
		};
		CDC1F028225467A000524E1C /* Frameworks */ = {
			isa = PBXFrameworksBuildPhase;
			buildActionMask = 2147483647;
			files = (
			);
			runOnlyForDeploymentPostprocessing = 0;
		};
		CDC1F033225467A000524E1C /* Frameworks */ = {
			isa = PBXFrameworksBuildPhase;
			buildActionMask = 2147483647;
			files = (
			);
			runOnlyForDeploymentPostprocessing = 0;
		};
/* End PBXFrameworksBuildPhase section */

/* Begin PBXGroup section */
		CDC1F00E2254679E00524E1C = {
			isa = PBXGroup;
			children = (
				CDC1F0192254679E00524E1C /* Toco */,
				CDC1F02E225467A000524E1C /* TocoTests */,
				CDC1F039225467A000524E1C /* TocoUITests */,
				CDC1F0182254679E00524E1C /* Products */,
			);
			sourceTree = "<group>";
		};
		CDC1F0182254679E00524E1C /* Products */ = {
			isa = PBXGroup;
			children = (
				CDC1F0172254679E00524E1C /* Toco.app */,
				CDC1F02B225467A000524E1C /* TocoTests.xctest */,
				CDC1F036225467A000524E1C /* TocoUITests.xctest */,
			);
			name = Products;
			sourceTree = "<group>";
		};
		CDC1F0192254679E00524E1C /* Toco */ = {
			isa = PBXGroup;
			children = (
				CDC1F01A2254679E00524E1C /* AppDelegate.swift */,
				CDC1F01C2254679E00524E1C /* ViewController.swift */,
				CDC1F01E2254679E00524E1C /* Main.storyboard */,
				CDC1F021225467A000524E1C /* Assets.xcassets */,
				CDC1F023225467A000524E1C /* LaunchScreen.storyboard */,
				CDC1F026225467A000524E1C /* Info.plist */,
			);
			path = Toco;
			sourceTree = "<group>";
		};
		CDC1F02E225467A000524E1C /* TocoTests */ = {
			isa = PBXGroup;
			children = (
				CDC1F02F225467A000524E1C /* TocoTests.swift */,
				CDC1F031225467A000524E1C /* Info.plist */,
			);
			path = TocoTests;
			sourceTree = "<group>";
		};
		CDC1F039225467A000524E1C /* TocoUITests */ = {
			isa = PBXGroup;
			children = (
				CDC1F03A225467A000524E1C /* TocoUITests.swift */,
				CDC1F03C225467A000524E1C /* Info.plist */,
			);
			path = TocoUITests;
			sourceTree = "<group>";
		};
/* End PBXGroup section */

/* Begin PBXNativeTarget section */
		CDC1F0162254679E00524E1C /* Toco */ = {
			isa = PBXNativeTarget;
			buildConfigurationList = CDC1F03F225467A000524E1C /* Build configuration list for PBXNativeTarget "Toco" */;
			buildPhases = (
				CDC1F0132254679E00524E1C /* Sources */,
				CDC1F0142254679E00524E1C /* Frameworks */,
				CDC1F0152254679E00524E1C /* Resources */,
			);
			buildRules = (
			);
			dependencies = (
			);
			name = Toco;
			productName = Toco;
			productReference = CDC1F0172254679E00524E1C /* Toco.app */;
			productType = "com.apple.product-type.application";
		};
		CDC1F02A225467A000524E1C /* TocoTests */ = {
			isa = PBXNativeTarget;
			buildConfigurationList = CDC1F042225467A000524E1C /* Build configuration list for PBXNativeTarget "TocoTests" */;
			buildPhases = (
				CDC1F027225467A000524E1C /* Sources */,
				CDC1F028225467A000524E1C /* Frameworks */,
				CDC1F029225467A000524E1C /* Resources */,
			);
			buildRules = (
			);
			dependencies = (
				CDC1F02D225467A000524E1C /* PBXTargetDependency */,
			);
			name = TocoTests;
			productName = TocoTests;
			productReference = CDC1F02B225467A000524E1C /* TocoTests.xctest */;
			productType = "com.apple.product-type.bundle.unit-test";
		};
		CDC1F035225467A000524E1C /* TocoUITests */ = {
			isa = PBXNativeTarget;
			buildConfigurationList = CDC1F045225467A000524E1C /* Build configuration list for PBXNativeTarget "TocoUITests" */;
			buildPhases = (
				CDC1F032225467A000524E1C /* Sources */,
				CDC1F033225467A000524E1C /* Frameworks */,
				CDC1F034225467A000524E1C /* Resources */,
			);
			buildRules = (
			);
			dependencies = (
				CDC1F038225467A000524E1C /* PBXTargetDependency */,
			);
			name = TocoUITests;
			productName = TocoUITests;
			productReference = CDC1F036225467A000524E1C /* TocoUITests.xctest */;
			productType = "com.apple.product-type.bundle.ui-testing";
		};
/* End PBXNativeTarget section */

/* Begin PBXProject section */
		CDC1F00F2254679E00524E1C /* Project object */ = {
			isa = PBXProject;
			attributes = {
				LastSwiftUpdateCheck = 1020;
				LastUpgradeCheck = 1020;
				ORGANIZATIONNAME = Toco;
				TargetAttributes = {
					CDC1F0162254679E00524E1C = {
						CreatedOnToolsVersion = 10.2;
					};
					CDC1F02A225467A000524E1C = {
						CreatedOnToolsVersion = 10.2;
						TestTargetID = CDC1F0162254679E00524E1C;
					};
					CDC1F035225467A000524E1C = {
						CreatedOnToolsVersion = 10.2;
						TestTargetID = CDC1F0162254679E00524E1C;
					};
				};
			};
			buildConfigurationList = CDC1F0122254679E00524E1C /* Build configuration list for PBXProject "Toco" */;
			compatibilityVersion = "Xcode 9.3";
			developmentRegion = en;
			hasScannedForEncodings = 0;
			knownRegions = (
				en,
				Base,
			);
			mainGroup = CDC1F00E2254679E00524E1C;
			productRefGroup = CDC1F0182254679E00524E1C /* Products */;
			projectDirPath = "";
			projectRoot = "";
			targets = (
				CDC1F0162254679E00524E1C /* Toco */,
				CDC1F02A225467A000524E1C /* TocoTests */,
				CDC1F035225467A000524E1C /* TocoUITests */,
			);
		};
/* End PBXProject section */

/* Begin PBXResourcesBuildPhase section */
		CDC1F0152254679E00524E1C /* Resources */ = {
			isa = PBXResourcesBuildPhase;
			buildActionMask = 2147483647;
			files = (
				CDC1F025225467A000524E1C /* LaunchScreen.storyboard in Resources */,
				CDC1F022225467A000524E1C /* Assets.xcassets in Resources */,
				CDC1F0202254679E00524E1C /* Main.storyboard in Resources */,
			);
			runOnlyForDeploymentPostprocessing = 0;
		};
		CDC1F029225467A000524E1C /* Resources */ = {
			isa = PBXResourcesBuildPhase;
			buildActionMask = 2147483647;
			files = (
			);
			runOnlyForDeploymentPostprocessing = 0;
		};
		CDC1F034225467A000524E1C /* Resources */ = {
			isa = PBXResourcesBuildPhase;
			buildActionMask = 2147483647;
			files = (
			);
			runOnlyForDeploymentPostprocessing = 0;
		};
/* End PBXResourcesBuildPhase section */

/* Begin PBXSourcesBuildPhase section */
		CDC1F0132254679E00524E1C /* Sources */ = {
			isa = PBXSourcesBuildPhase;
			buildActionMask = 2147483647;
			files = (
				CDC1F01D2254679E00524E1C /* ViewController.swift in Sources */,
				CDC1F01B2254679E00524E1C /* AppDelegate.swift in Sources */,
			);
			runOnlyForDeploymentPostprocessing = 0;
		};
		CDC1F027225467A000524E1C /* Sources */ = {
			isa = PBXSourcesBuildPhase;
			buildActionMask = 2147483647;
			files = (
				CDC1F030225467A000524E1C /* TocoTests.swift in Sources */,
			);
			runOnlyForDeploymentPostprocessing = 0;
		};
		CDC1F032225467A000524E1C /* Sources */ = {
			isa = PBXSourcesBuildPhase;
			buildActionMask = 2147483647;
			files = (
				CDC1F03B225467A000524E1C /* TocoUITests.swift in Sources */,
			);
			runOnlyForDeploymentPostprocessing = 0;
		};
/* End PBXSourcesBuildPhase section */

/* Begin PBXTargetDependency section */
		CDC1F02D225467A000524E1C /* PBXTargetDependency */ = {
			isa = PBXTargetDependency;
			target = CDC1F0162254679E00524E1C /* Toco */;
			targetProxy = CDC1F02C225467A000524E1C /* PBXContainerItemProxy */;
		};
		CDC1F038225467A000524E1C /* PBXTargetDependency */ = {
			isa = PBXTargetDependency;
			target = CDC1F0162254679E00524E1C /* Toco */;
			targetProxy = CDC1F037225467A000524E1C /* PBXContainerItemProxy */;
		};
/* End PBXTargetDependency section */

/* Begin PBXVariantGroup section */
		CDC1F01E2254679E00524E1C /* Main.storyboard */ = {
			isa = PBXVariantGroup;
			children = (
				CDC1F01F2254679E00524E1C /* Base */,
			);
			name = Main.storyboard;
			sourceTree = "<group>";
		};
		CDC1F023225467A000524E1C /* LaunchScreen.storyboard */ = {
			isa = PBXVariantGroup;
			children = (
				CDC1F024225467A000524E1C /* Base */,
			);
			name = LaunchScreen.storyboard;
			sourceTree = "<group>";
		};
/* End PBXVariantGroup section */

/* Begin XCBuildConfiguration section */
		CDC1F03D225467A000524E1C /* Debug */ = {
			isa = XCBuildConfiguration;
			buildSettings = {
				ALWAYS_SEARCH_USER_PATHS = NO;
				CLANG_ANALYZER_NONNULL = YES;
				CLANG_ANALYZER_NUMBER_OBJECT_CONVERSION = YES_AGGRESSIVE;
				CLANG_CXX_LANGUAGE_STANDARD = "gnu++14";
				CLANG_CXX_LIBRARY = "libc++";
				CLANG_ENABLE_MODULES = YES;
				CLANG_ENABLE_OBJC_ARC = YES;
				CLANG_ENABLE_OBJC_WEAK = YES;
				CLANG_WARN_BLOCK_CAPTURE_AUTORELEASING = YES;
				CLANG_WARN_BOOL_CONVERSION = YES;
				CLANG_WARN_COMMA = YES;
				CLANG_WARN_CONSTANT_CONVERSION = YES;
				CLANG_WARN_DEPRECATED_OBJC_IMPLEMENTATIONS = YES;
				CLANG_WARN_DIRECT_OBJC_ISA_USAGE = YES_ERROR;
				CLANG_WARN_DOCUMENTATION_COMMENTS = YES;
				CLANG_WARN_EMPTY_BODY = YES;
				CLANG_WARN_ENUM_CONVERSION = YES;
				CLANG_WARN_INFINITE_RECURSION = YES;
				CLANG_WARN_INT_CONVERSION = YES;
				CLANG_WARN_NON_LITERAL_NULL_CONVERSION = YES;
				CLANG_WARN_OBJC_IMPLICIT_RETAIN_SELF = YES;
				CLANG_WARN_OBJC_LITERAL_CONVERSION = YES;
				CLANG_WARN_OBJC_ROOT_CLASS = YES_ERROR;
				CLANG_WARN_RANGE_LOOP_ANALYSIS = YES;
				CLANG_WARN_STRICT_PROTOTYPES = YES;
				CLANG_WARN_SUSPICIOUS_MOVE = YES;
				CLANG_WARN_UNGUARDED_AVAILABILITY = YES_AGGRESSIVE;
				CLANG_WARN_UNREACHABLE_CODE = YES;
				CLANG_WARN__DUPLICATE_METHOD_MATCH = YES;
				CODE_SIGN_IDENTITY = "iPhone Developer";
				COPY_PHASE_STRIP = NO;
				DEBUG_INFORMATION_FORMAT = dwarf;
				ENABLE_STRICT_OBJC_MSGSEND = YES;
				ENABLE_TESTABILITY = YES;
				GCC_C_LANGUAGE_STANDARD = gnu11;
				GCC_DYNAMIC_NO_PIC = NO;
				GCC_NO_COMMON_BLOCKS = YES;
				GCC_OPTIMIZATION_LEVEL = 0;
				GCC_PREPROCESSOR_DEFINITIONS = (
					"DEBUG=1",
					"$(inherited)",
				);
				GCC_WARN_64_TO_32_BIT_CONVERSION = YES;
				GCC_WARN_ABOUT_RETURN_TYPE = YES_ERROR;
				GCC_WARN_UNDECLARED_SELECTOR = YES;
				GCC_WARN_UNINITIALIZED_AUTOS = YES_AGGRESSIVE;
				GCC_WARN_UNUSED_FUNCTION = YES;
				GCC_WARN_UNUSED_VARIABLE = YES;
				IPHONEOS_DEPLOYMENT_TARGET = 12.2;
				MTL_ENABLE_DEBUG_INFO = INCLUDE_SOURCE;
				MTL_FAST_MATH = YES;
				ONLY_ACTIVE_ARCH = YES;
				SDKROOT = iphoneos;
				SWIFT_ACTIVE_COMPILATION_CONDITIONS = DEBUG;
				SWIFT_OPTIMIZATION_LEVEL = "-Onone";
			};
			name = Debug;
		};
		CDC1F03E225467A000524E1C /* Release */ = {
			isa = XCBuildConfiguration;
			buildSettings = {
				ALWAYS_SEARCH_USER_PATHS = NO;
				CLANG_ANALYZER_NONNULL = YES;
				CLANG_ANALYZER_NUMBER_OBJECT_CONVERSION = YES_AGGRESSIVE;
				CLANG_CXX_LANGUAGE_STANDARD = "gnu++14";
				CLANG_CXX_LIBRARY = "libc++";
				CLANG_ENABLE_MODULES = YES;
				CLANG_ENABLE_OBJC_ARC = YES;
				CLANG_ENABLE_OBJC_WEAK = YES;
				CLANG_WARN_BLOCK_CAPTURE_AUTORELEASING = YES;
				CLANG_WARN_BOOL_CONVERSION = YES;
				CLANG_WARN_COMMA = YES;
				CLANG_WARN_CONSTANT_CONVERSION = YES;
				CLANG_WARN_DEPRECATED_OBJC_IMPLEMENTATIONS = YES;
				CLANG_WARN_DIRECT_OBJC_ISA_USAGE = YES_ERROR;
				CLANG_WARN_DOCUMENTATION_COMMENTS = YES;
				CLANG_WARN_EMPTY_BODY = YES;
				CLANG_WARN_ENUM_CONVERSION = YES;
				CLANG_WARN_INFINITE_RECURSION = YES;
				CLANG_WARN_INT_CONVERSION = YES;
				CLANG_WARN_NON_LITERAL_NULL_CONVERSION = YES;
				CLANG_WARN_OBJC_IMPLICIT_RETAIN_SELF = YES;
				CLANG_WARN_OBJC_LITERAL_CONVERSION = YES;
				CLANG_WARN_OBJC_ROOT_CLASS = YES_ERROR;
				CLANG_WARN_RANGE_LOOP_ANALYSIS = YES;
				CLANG_WARN_STRICT_PROTOTYPES = YES;
				CLANG_WARN_SUSPICIOUS_MOVE = YES;
				CLANG_WARN_UNGUARDED_AVAILABILITY = YES_AGGRESSIVE;
				CLANG_WARN_UNREACHABLE_CODE = YES;
				CLANG_WARN__DUPLICATE_METHOD_MATCH = YES;
				CODE_SIGN_IDENTITY = "iPhone Developer";
				COPY_PHASE_STRIP = NO;
				DEBUG_INFORMATION_FORMAT = "dwarf-with-dsym";
				ENABLE_NS_ASSERTIONS = NO;
				ENABLE_STRICT_OBJC_MSGSEND = YES;
				GCC_C_LANGUAGE_STANDARD = gnu11;
				GCC_NO_COMMON_BLOCKS = YES;
				GCC_WARN_64_TO_32_BIT_CONVERSION = YES;
				GCC_WARN_ABOUT_RETURN_TYPE = YES_ERROR;
				GCC_WARN_UNDECLARED_SELECTOR = YES;
				GCC_WARN_UNINITIALIZED_AUTOS = YES_AGGRESSIVE;
				GCC_WARN_UNUSED_FUNCTION = YES;
				GCC_WARN_UNUSED_VARIABLE = YES;
				IPHONEOS_DEPLOYMENT_TARGET = 12.2;
				MTL_ENABLE_DEBUG_INFO = NO;
				MTL_FAST_MATH = YES;
				SDKROOT = iphoneos;
				SWIFT_COMPILATION_MODE = wholemodule;
				SWIFT_OPTIMIZATION_LEVEL = "-O";
				VALIDATE_PRODUCT = YES;
			};
			name = Release;
		};
		CDC1F040225467A000524E1C /* Debug */ = {
			isa = XCBuildConfiguration;
			buildSettings = {
				ASSETCATALOG_COMPILER_APPICON_NAME = AppIcon;
				CODE_SIGN_STYLE = Automatic;
				INFOPLIST_FILE = Toco/Info.plist;
				LD_RUNPATH_SEARCH_PATHS = (
					"$(inherited)",
					"@executable_path/Frameworks",
				);
				PRODUCT_BUNDLE_IDENTIFIER = toco.Toco;
				PRODUCT_NAME = "$(TARGET_NAME)";
				SWIFT_VERSION = 5.0;
				TARGETED_DEVICE_FAMILY = "1,2";
			};
			name = Debug;
		};
		CDC1F041225467A000524E1C /* Release */ = {
			isa = XCBuildConfiguration;
			buildSettings = {
				ASSETCATALOG_COMPILER_APPICON_NAME = AppIcon;
				CODE_SIGN_STYLE = Automatic;
				INFOPLIST_FILE = Toco/Info.plist;
				LD_RUNPATH_SEARCH_PATHS = (
					"$(inherited)",
					"@executable_path/Frameworks",
				);
				PRODUCT_BUNDLE_IDENTIFIER = toco.Toco;
				PRODUCT_NAME = "$(TARGET_NAME)";
				SWIFT_VERSION = 5.0;
				TARGETED_DEVICE_FAMILY = "1,2";
			};
			name = Release;
		};
		CDC1F043225467A000524E1C /* Debug */ = {
			isa = XCBuildConfiguration;
			buildSettings = {
				ALWAYS_EMBED_SWIFT_STANDARD_LIBRARIES = YES;
				BUNDLE_LOADER = "$(TEST_HOST)";
				CODE_SIGN_STYLE = Automatic;
				INFOPLIST_FILE = TocoTests/Info.plist;
				LD_RUNPATH_SEARCH_PATHS = (
					"$(inherited)",
					"@executable_path/Frameworks",
					"@loader_path/Frameworks",
				);
				PRODUCT_BUNDLE_IDENTIFIER = toco.TocoTests;
				PRODUCT_NAME = "$(TARGET_NAME)";
				SWIFT_VERSION = 5.0;
				TARGETED_DEVICE_FAMILY = "1,2";
				TEST_HOST = "$(BUILT_PRODUCTS_DIR)/Toco.app/Toco";
			};
			name = Debug;
		};
		CDC1F044225467A000524E1C /* Release */ = {
			isa = XCBuildConfiguration;
			buildSettings = {
				ALWAYS_EMBED_SWIFT_STANDARD_LIBRARIES = YES;
				BUNDLE_LOADER = "$(TEST_HOST)";
				CODE_SIGN_STYLE = Automatic;
				INFOPLIST_FILE = TocoTests/Info.plist;
				LD_RUNPATH_SEARCH_PATHS = (
					"$(inherited)",
					"@executable_path/Frameworks",
					"@loader_path/Frameworks",
				);
				PRODUCT_BUNDLE_IDENTIFIER = toco.TocoTests;
				PRODUCT_NAME = "$(TARGET_NAME)";
				SWIFT_VERSION = 5.0;
				TARGETED_DEVICE_FAMILY = "1,2";
				TEST_HOST = "$(BUILT_PRODUCTS_DIR)/Toco.app/Toco";
			};
			name = Release;
		};
		CDC1F046225467A000524E1C /* Debug */ = {
			isa = XCBuildConfiguration;
			buildSettings = {
				ALWAYS_EMBED_SWIFT_STANDARD_LIBRARIES = YES;
				CODE_SIGN_STYLE = Automatic;
				INFOPLIST_FILE = TocoUITests/Info.plist;
				LD_RUNPATH_SEARCH_PATHS = (
					"$(inherited)",
					"@executable_path/Frameworks",
					"@loader_path/Frameworks",
				);
				PRODUCT_BUNDLE_IDENTIFIER = toco.TocoUITests;
				PRODUCT_NAME = "$(TARGET_NAME)";
				SWIFT_VERSION = 5.0;
				TARGETED_DEVICE_FAMILY = "1,2";
				TEST_TARGET_NAME = Toco;
			};
			name = Debug;
		};
		CDC1F047225467A000524E1C /* Release */ = {
			isa = XCBuildConfiguration;
			buildSettings = {
				ALWAYS_EMBED_SWIFT_STANDARD_LIBRARIES = YES;
				CODE_SIGN_STYLE = Automatic;
				INFOPLIST_FILE = TocoUITests/Info.plist;
				LD_RUNPATH_SEARCH_PATHS = (
					"$(inherited)",
					"@executable_path/Frameworks",
					"@loader_path/Frameworks",
				);
				PRODUCT_BUNDLE_IDENTIFIER = toco.TocoUITests;
				PRODUCT_NAME = "$(TARGET_NAME)";
				SWIFT_VERSION = 5.0;
				TARGETED_DEVICE_FAMILY = "1,2";
				TEST_TARGET_NAME = Toco;
			};
			name = Release;
		};
/* End XCBuildConfiguration section */

/* Begin XCConfigurationList section */
		CDC1F0122254679E00524E1C /* Build configuration list for PBXProject "Toco" */ = {
			isa = XCConfigurationList;
			buildConfigurations = (
				CDC1F03D225467A000524E1C /* Debug */,
				CDC1F03E225467A000524E1C /* Release */,
			);
			defaultConfigurationIsVisible = 0;
			defaultConfigurationName = Release;
		};
		CDC1F03F225467A000524E1C /* Build configuration list for PBXNativeTarget "Toco" */ = {
			isa = XCConfigurationList;
			buildConfigurations = (
				CDC1F040225467A000524E1C /* Debug */,
				CDC1F041225467A000524E1C /* Release */,
			);
			defaultConfigurationIsVisible = 0;
			defaultConfigurationName = Release;
		};
		CDC1F042225467A000524E1C /* Build configuration list for PBXNativeTarget "TocoTests" */ = {
			isa = XCConfigurationList;
			buildConfigurations = (
				CDC1F043225467A000524E1C /* Debug */,
				CDC1F044225467A000524E1C /* Release */,
			);
			defaultConfigurationIsVisible = 0;
			defaultConfigurationName = Release;
		};
		CDC1F045225467A000524E1C /* Build configuration list for PBXNativeTarget "TocoUITests" */ = {
			isa = XCConfigurationList;
			buildConfigurations = (
				CDC1F046225467A000524E1C /* Debug */,
				CDC1F047225467A000524E1C /* Release */,
			);
			defaultConfigurationIsVisible = 0;
			defaultConfigurationName = Release;
		};
/* End XCConfigurationList section */
	};
	rootObject = CDC1F00F2254679E00524E1C /* Project object */;
}
